
Microsoft Visual Studio Solution File, Format Version 12.00
# Visual Studio 2013
VisualStudioVersion = 12.0.31101.0
MinimumVisualStudioVersion = 10.0.40219.1
Project("{FAE04EC0-301F-11D3-BF4B-00C04F79EFBC}") = "StepOnThat.Console", "StepOnThat.Console\StepOnThat.Console.csproj", "{5C680786-644D-470B-8BC4-826096C4E3FC}"
EndProject
Project("{2150E333-8FDC-42A3-9474-1A3956D46DE8}") = "General", "General", "{040C2E76-CA51-41A8-90D6-DBB202AA3159}"
	ProjectSection(SolutionItems) = preProject
		readme.md = readme.md
	EndProjectSection
EndProject
Project("{FAE04EC0-301F-11D3-BF4B-00C04F79EFBC}") = "StepOnThat", "StepOnThat\StepOnThat.csproj", "{C427C3DB-4B11-4337-A388-7391862CA88A}"
EndProject
Project("{FAE04EC0-301F-11D3-BF4B-00C04F79EFBC}") = "StepOnThat.Tests", "StepOnThatTests\StepOnThat.Tests.csproj", "{499E4EC1-7FF1-401A-A302-91B4CC31D7E9}"
EndProject
Project("{FAE04EC0-301F-11D3-BF4B-00C04F79EFBC}") = "StepOnThat.Console.Tests", "StepOnThat.Console.Tests\StepOnThat.Console.Tests.csproj", "{EAC5FE61-1A00-4F41-BE4E-EC7A4A40BF2A}"
EndProject
Global
	GlobalSection(SolutionConfigurationPlatforms) = preSolution
		Debug|Any CPU = Debug|Any CPU
		Release|Any CPU = Release|Any CPU
	EndGlobalSection
	GlobalSection(ProjectConfigurationPlatforms) = postSolution
		{5C680786-644D-470B-8BC4-826096C4E3FC}.Debug|Any CPU.ActiveCfg = Debug|Any CPU
		{5C680786-644D-470B-8BC4-826096C4E3FC}.Debug|Any CPU.Build.0 = Debug|Any CPU
		{5C680786-644D-470B-8BC4-826096C4E3FC}.Release|Any CPU.ActiveCfg = Release|Any CPU
		{5C680786-644D-470B-8BC4-826096C4E3FC}.Release|Any CPU.Build.0 = Release|Any CPU
		{C427C3DB-4B11-4337-A388-7391862CA88A}.Debug|Any CPU.ActiveCfg = Debug|Any CPU
		{C427C3DB-4B11-4337-A388-7391862CA88A}.Debug|Any CPU.Build.0 = Debug|Any CPU
		{C427C3DB-4B11-4337-A388-7391862CA88A}.Release|Any CPU.ActiveCfg = Release|Any CPU
		{C427C3DB-4B11-4337-A388-7391862CA88A}.Release|Any CPU.Build.0 = Release|Any CPU
		{499E4EC1-7FF1-401A-A302-91B4CC31D7E9}.Debug|Any CPU.ActiveCfg = Debug|Any CPU
		{499E4EC1-7FF1-401A-A302-91B4CC31D7E9}.Debug|Any CPU.Build.0 = Debug|Any CPU
		{499E4EC1-7FF1-401A-A302-91B4CC31D7E9}.Release|Any CPU.ActiveCfg = Release|Any CPU
		{499E4EC1-7FF1-401A-A302-91B4CC31D7E9}.Release|Any CPU.Build.0 = Release|Any CPU
		{EAC5FE61-1A00-4F41-BE4E-EC7A4A40BF2A}.Debug|Any CPU.ActiveCfg = Debug|Any CPU
		{EAC5FE61-1A00-4F41-BE4E-EC7A4A40BF2A}.Debug|Any CPU.Build.0 = Debug|Any CPU
		{EAC5FE61-1A00-4F41-BE4E-EC7A4A40BF2A}.Release|Any CPU.ActiveCfg = Release|Any CPU
		{EAC5FE61-1A00-4F41-BE4E-EC7A4A40BF2A}.Release|Any CPU.Build.0 = Release|Any CPU
	EndGlobalSection
	GlobalSection(SolutionProperties) = preSolution
		HideSolutionNode = FALSE
	EndGlobalSection
EndGlobal
